// !$*UTF8*$!
{
	archiveVersion = 1;
	classes = {
	};
	objectVersion = 50;
	objects = {

/* Begin PBXBuildFile section */
		758BE42225497965005D9D0D /* SwiftUI_CardGraphApp.swift in Sources */ = {isa = PBXBuildFile; fileRef = 758BE40F25497964005D9D0D /* SwiftUI_CardGraphApp.swift */; };
		758BE42325497965005D9D0D /* SwiftUI_CardGraphApp.swift in Sources */ = {isa = PBXBuildFile; fileRef = 758BE40F25497964005D9D0D /* SwiftUI_CardGraphApp.swift */; };
		758BE42425497965005D9D0D /* ContentView.swift in Sources */ = {isa = PBXBuildFile; fileRef = 758BE41025497964005D9D0D /* ContentView.swift */; };
		758BE42525497965005D9D0D /* ContentView.swift in Sources */ = {isa = PBXBuildFile; fileRef = 758BE41025497964005D9D0D /* ContentView.swift */; };
		758BE42625497965005D9D0D /* Assets.xcassets in Resources */ = {isa = PBXBuildFile; fileRef = 758BE41125497965005D9D0D /* Assets.xcassets */; };
		758BE42725497965005D9D0D /* Assets.xcassets in Resources */ = {isa = PBXBuildFile; fileRef = 758BE41125497965005D9D0D /* Assets.xcassets */; };
/* End PBXBuildFile section */

/* Begin PBXFileReference section */
		758BE40F25497964005D9D0D /* SwiftUI_CardGraphApp.swift */ = {isa = PBXFileReference; lastKnownFileType = sourcecode.swift; path = SwiftUI_CardGraphApp.swift; sourceTree = "<group>"; };
		758BE41025497964005D9D0D /* ContentView.swift */ = {isa = PBXFileReference; lastKnownFileType = sourcecode.swift; path = ContentView.swift; sourceTree = "<group>"; };
		758BE41125497965005D9D0D /* Assets.xcassets */ = {isa = PBXFileReference; lastKnownFileType = folder.assetcatalog; path = Assets.xcassets; sourceTree = "<group>"; };
		758BE41625497965005D9D0D /* SwiftUI-CardGraph.app */ = {isa = PBXFileReference; explicitFileType = wrapper.application; includeInIndex = 0; path = "SwiftUI-CardGraph.app"; sourceTree = BUILT_PRODUCTS_DIR; };
		758BE41925497965005D9D0D /* Info.plist */ = {isa = PBXFileReference; lastKnownFileType = text.plist.xml; path = Info.plist; sourceTree = "<group>"; };
		758BE41E25497965005D9D0D /* SwiftUI-CardGraph.app */ = {isa = PBXFileReference; explicitFileType = wrapper.application; includeInIndex = 0; path = "SwiftUI-CardGraph.app"; sourceTree = BUILT_PRODUCTS_DIR; };
		758BE42025497965005D9D0D /* Info.plist */ = {isa = PBXFileReference; lastKnownFileType = text.plist.xml; path = Info.plist; sourceTree = "<group>"; };
		758BE42125497965005D9D0D /* macOS.entitlements */ = {isa = PBXFileReference; lastKnownFileType = text.plist.entitlements; path = macOS.entitlements; sourceTree = "<group>"; };
/* End PBXFileReference section */

/* Begin PBXFrameworksBuildPhase section */
		758BE41325497965005D9D0D /* Frameworks */ = {
			isa = PBXFrameworksBuildPhase;
			buildActionMask = 2147483647;
			files = (
			);
			runOnlyForDeploymentPostprocessing = 0;
		};
		758BE41B25497965005D9D0D /* Frameworks */ = {
			isa = PBXFrameworksBuildPhase;
			buildActionMask = 2147483647;
			files = (
			);
			runOnlyForDeploymentPostprocessing = 0;
		};
/* End PBXFrameworksBuildPhase section */

/* Begin PBXGroup section */
		758BE40925497963005D9D0D = {
			isa = PBXGroup;
			children = (
				758BE40E25497964005D9D0D /* Shared */,
				758BE41825497965005D9D0D /* iOS */,
				758BE41F25497965005D9D0D /* macOS */,
				758BE41725497965005D9D0D /* Products */,
			);
			sourceTree = "<group>";
		};
		758BE40E25497964005D9D0D /* Shared */ = {
			isa = PBXGroup;
			children = (
				758BE40F25497964005D9D0D /* SwiftUI_CardGraphApp.swift */,
				758BE41025497964005D9D0D /* ContentView.swift */,
				758BE41125497965005D9D0D /* Assets.xcassets */,
			);
			path = Shared;
			sourceTree = "<group>";
		};
		758BE41725497965005D9D0D /* Products */ = {
			isa = PBXGroup;
			children = (
				758BE41625497965005D9D0D /* SwiftUI-CardGraph.app */,
				758BE41E25497965005D9D0D /* SwiftUI-CardGraph.app */,
			);
			name = Products;
			sourceTree = "<group>";
		};
		758BE41825497965005D9D0D /* iOS */ = {
			isa = PBXGroup;
			children = (
				758BE41925497965005D9D0D /* Info.plist */,
			);
			path = iOS;
			sourceTree = "<group>";
		};
		758BE41F25497965005D9D0D /* macOS */ = {
			isa = PBXGroup;
			children = (
				758BE42025497965005D9D0D /* Info.plist */,
				758BE42125497965005D9D0D /* macOS.entitlements */,
			);
			path = macOS;
			sourceTree = "<group>";
		};
/* End PBXGroup section */

/* Begin PBXNativeTarget section */
		758BE41525497965005D9D0D /* SwiftUI-CardGraph (iOS) */ = {
			isa = PBXNativeTarget;
			buildConfigurationList = 758BE42A25497965005D9D0D /* Build configuration list for PBXNativeTarget "SwiftUI-CardGraph (iOS)" */;
			buildPhases = (
				758BE41225497965005D9D0D /* Sources */,
				758BE41325497965005D9D0D /* Frameworks */,
				758BE41425497965005D9D0D /* Resources */,
			);
			buildRules = (
			);
			dependencies = (
			);
			name = "SwiftUI-CardGraph (iOS)";
			productName = "SwiftUI-CardGraph (iOS)";
			productReference = 758BE41625497965005D9D0D /* SwiftUI-CardGraph.app */;
			productType = "com.apple.product-type.application";
		};
		758BE41D25497965005D9D0D /* SwiftUI-CardGraph (macOS) */ = {
			isa = PBXNativeTarget;
			buildConfigurationList = 758BE42D25497965005D9D0D /* Build configuration list for PBXNativeTarget "SwiftUI-CardGraph (macOS)" */;
			buildPhases = (
				758BE41A25497965005D9D0D /* Sources */,
				758BE41B25497965005D9D0D /* Frameworks */,
				758BE41C25497965005D9D0D /* Resources */,
			);
			buildRules = (
			);
			dependencies = (
			);
			name = "SwiftUI-CardGraph (macOS)";
			productName = "SwiftUI-CardGraph (macOS)";
			productReference = 758BE41E25497965005D9D0D /* SwiftUI-CardGraph.app */;
			productType = "com.apple.product-type.application";
		};
/* End PBXNativeTarget section */

/* Begin PBXProject section */
		758BE40A25497963005D9D0D /* Project object */ = {
			isa = PBXProject;
			attributes = {
				LastSwiftUpdateCheck = 1220;
				LastUpgradeCheck = 1220;
				TargetAttributes = {
					758BE41525497965005D9D0D = {
						CreatedOnToolsVersion = 12.2;
					};
					758BE41D25497965005D9D0D = {
						CreatedOnToolsVersion = 12.2;
					};
				};
			};
			buildConfigurationList = 758BE40D25497963005D9D0D /* Build configuration list for PBXProject "SwiftUI-CardGraph" */;
			compatibilityVersion = "Xcode 9.3";
			developmentRegion = en;
			hasScannedForEncodings = 0;
			knownRegions = (
				en,
				Base,
			);
			mainGroup = 758BE40925497963005D9D0D;
			productRefGroup = 758BE41725497965005D9D0D /* Products */;
			projectDirPath = "";
			projectRoot = "";
			targets = (
				758BE41525497965005D9D0D /* SwiftUI-CardGraph (iOS) */,
				758BE41D25497965005D9D0D /* SwiftUI-CardGraph (macOS) */,
			);
		};
/* End PBXProject section */

/* Begin PBXResourcesBuildPhase section */
		758BE41425497965005D9D0D /* Resources */ = {
			isa = PBXResourcesBuildPhase;
			buildActionMask = 2147483647;
			files = (
				758BE42625497965005D9D0D /* Assets.xcassets in Resources */,
			);
			runOnlyForDeploymentPostprocessing = 0;
		};
		758BE41C25497965005D9D0D /* Resources */ = {
			isa = PBXResourcesBuildPhase;
			buildActionMask = 2147483647;
			files = (
				758BE42725497965005D9D0D /* Assets.xcassets in Resources */,
			);
			runOnlyForDeploymentPostprocessing = 0;
		};
/* End PBXResourcesBuildPhase section */

/* Begin PBXSourcesBuildPhase section */
		758BE41225497965005D9D0D /* Sources */ = {
			isa = PBXSourcesBuildPhase;
			buildActionMask = 2147483647;
			files = (
				758BE42425497965005D9D0D /* ContentView.swift in Sources */,
				758BE42225497965005D9D0D /* SwiftUI_CardGraphApp.swift in Sources */,
			);
			runOnlyForDeploymentPostprocessing = 0;
		};
		758BE41A25497965005D9D0D /* Sources */ = {
			isa = PBXSourcesBuildPhase;
			buildActionMask = 2147483647;
			files = (
				758BE42525497965005D9D0D /* ContentView.swift in Sources */,
				758BE42325497965005D9D0D /* SwiftUI_CardGraphApp.swift in Sources */,
			);
			runOnlyForDeploymentPostprocessing = 0;
		};
/* End PBXSourcesBuildPhase section */

/* Begin XCBuildConfiguration section */
		758BE42825497965005D9D0D /* Debug */ = {
			isa = XCBuildConfiguration;
			buildSettings = {
				ALWAYS_SEARCH_USER_PATHS = NO;
				CLANG_ANALYZER_NONNULL = YES;
				CLANG_ANALYZER_NUMBER_OBJECT_CONVERSION = YES_AGGRESSIVE;
				CLANG_CXX_LANGUAGE_STANDARD = "gnu++14";
				CLANG_CXX_LIBRARY = "libc++";
				CLANG_ENABLE_MODULES = YES;
				CLANG_ENABLE_OBJC_ARC = YES;
				CLANG_ENABLE_OBJC_WEAK = YES;
				CLANG_WARN_BLOCK_CAPTURE_AUTORELEASING = YES;
				CLANG_WARN_BOOL_CONVERSION = YES;
				CLANG_WARN_COMMA = YES;
				CLANG_WARN_CONSTANT_CONVERSION = YES;
				CLANG_WARN_DEPRECATED_OBJC_IMPLEMENTATIONS = YES;
				CLANG_WARN_DIRECT_OBJC_ISA_USAGE = YES_ERROR;
				CLANG_WARN_DOCUMENTATION_COMMENTS = YES;
				CLANG_WARN_EMPTY_BODY = YES;
				CLANG_WARN_ENUM_CONVERSION = YES;
				CLANG_WARN_INFINITE_RECURSION = YES;
				CLANG_WARN_INT_CONVERSION = YES;
				CLANG_WARN_NON_LITERAL_NULL_CONVERSION = YES;
				CLANG_WARN_OBJC_IMPLICIT_RETAIN_SELF = YES;
				CLANG_WARN_OBJC_LITERAL_CONVERSION = YES;
				CLANG_WARN_OBJC_ROOT_CLASS = YES_ERROR;
				CLANG_WARN_QUOTED_INCLUDE_IN_FRAMEWORK_HEADER = YES;
				CLANG_WARN_RANGE_LOOP_ANALYSIS = YES;
				CLANG_WARN_STRICT_PROTOTYPES = YES;
				CLANG_WARN_SUSPICIOUS_MOVE = YES;
				CLANG_WARN_UNGUARDED_AVAILABILITY = YES_AGGRESSIVE;
				CLANG_WARN_UNREACHABLE_CODE = YES;
				CLANG_WARN__DUPLICATE_METHOD_MATCH = YES;
				COPY_PHASE_STRIP = NO;
				DEBUG_INFORMATION_FORMAT = dwarf;
				ENABLE_STRICT_OBJC_MSGSEND = YES;
				ENABLE_TESTABILITY = YES;
				GCC_C_LANGUAGE_STANDARD = gnu11;
				GCC_DYNAMIC_NO_PIC = NO;
				GCC_NO_COMMON_BLOCKS = YES;
				GCC_OPTIMIZATION_LEVEL = 0;
				GCC_PREPROCESSOR_DEFINITIONS = (
					"DEBUG=1",
					"$(inherited)",
				);
				GCC_WARN_64_TO_32_BIT_CONVERSION = YES;
				GCC_WARN_ABOUT_RETURN_TYPE = YES_ERROR;
				GCC_WARN_UNDECLARED_SELECTOR = YES;
				GCC_WARN_UNINITIALIZED_AUTOS = YES_AGGRESSIVE;
				GCC_WARN_UNUSED_FUNCTION = YES;
				GCC_WARN_UNUSED_VARIABLE = YES;
				MTL_ENABLE_DEBUG_INFO = INCLUDE_SOURCE;
				MTL_FAST_MATH = YES;
				ONLY_ACTIVE_ARCH = YES;
				SWIFT_ACTIVE_COMPILATION_CONDITIONS = DEBUG;
				SWIFT_OPTIMIZATION_LEVEL = "-Onone";
			};
			name = Debug;
		};
		758BE42925497965005D9D0D /* Release */ = {
			isa = XCBuildConfiguration;
			buildSettings = {
				ALWAYS_SEARCH_USER_PATHS = NO;
				CLANG_ANALYZER_NONNULL = YES;
				CLANG_ANALYZER_NUMBER_OBJECT_CONVERSION = YES_AGGRESSIVE;
				CLANG_CXX_LANGUAGE_STANDARD = "gnu++14";
				CLANG_CXX_LIBRARY = "libc++";
				CLANG_ENABLE_MODULES = YES;
				CLANG_ENABLE_OBJC_ARC = YES;
				CLANG_ENABLE_OBJC_WEAK = YES;
				CLANG_WARN_BLOCK_CAPTURE_AUTORELEASING = YES;
				CLANG_WARN_BOOL_CONVERSION = YES;
				CLANG_WARN_COMMA = YES;
				CLANG_WARN_CONSTANT_CONVERSION = YES;
				CLANG_WARN_DEPRECATED_OBJC_IMPLEMENTATIONS = YES;
				CLANG_WARN_DIRECT_OBJC_ISA_USAGE = YES_ERROR;
				CLANG_WARN_DOCUMENTATION_COMMENTS = YES;
				CLANG_WARN_EMPTY_BODY = YES;
				CLANG_WARN_ENUM_CONVERSION = YES;
				CLANG_WARN_INFINITE_RECURSION = YES;
				CLANG_WARN_INT_CONVERSION = YES;
				CLANG_WARN_NON_LITERAL_NULL_CONVERSION = YES;
				CLANG_WARN_OBJC_IMPLICIT_RETAIN_SELF = YES;
				CLANG_WARN_OBJC_LITERAL_CONVERSION = YES;
				CLANG_WARN_OBJC_ROOT_CLASS = YES_ERROR;
				CLANG_WARN_QUOTED_INCLUDE_IN_FRAMEWORK_HEADER = YES;
				CLANG_WARN_RANGE_LOOP_ANALYSIS = YES;
				CLANG_WARN_STRICT_PROTOTYPES = YES;
				CLANG_WARN_SUSPICIOUS_MOVE = YES;
				CLANG_WARN_UNGUARDED_AVAILABILITY = YES_AGGRESSIVE;
				CLANG_WARN_UNREACHABLE_CODE = YES;
				CLANG_WARN__DUPLICATE_METHOD_MATCH = YES;
				COPY_PHASE_STRIP = NO;
				DEBUG_INFORMATION_FORMAT = "dwarf-with-dsym";
				ENABLE_NS_ASSERTIONS = NO;
				ENABLE_STRICT_OBJC_MSGSEND = YES;
				GCC_C_LANGUAGE_STANDARD = gnu11;
				GCC_NO_COMMON_BLOCKS = YES;
				GCC_WARN_64_TO_32_BIT_CONVERSION = YES;
				GCC_WARN_ABOUT_RETURN_TYPE = YES_ERROR;
				GCC_WARN_UNDECLARED_SELECTOR = YES;
				GCC_WARN_UNINITIALIZED_AUTOS = YES_AGGRESSIVE;
				GCC_WARN_UNUSED_FUNCTION = YES;
				GCC_WARN_UNUSED_VARIABLE = YES;
				MTL_ENABLE_DEBUG_INFO = NO;
				MTL_FAST_MATH = YES;
				SWIFT_COMPILATION_MODE = wholemodule;
				SWIFT_OPTIMIZATION_LEVEL = "-O";
			};
			name = Release;
		};
		758BE42B25497965005D9D0D /* Debug */ = {
			isa = XCBuildConfiguration;
			buildSettings = {
				ASSETCATALOG_COMPILER_APPICON_NAME = AppIcon;
				ASSETCATALOG_COMPILER_GLOBAL_ACCENT_COLOR_NAME = AccentColor;
				CODE_SIGN_STYLE = Automatic;
				DEVELOPMENT_TEAM = 8JZVD3Y56B;
				ENABLE_PREVIEWS = YES;
				INFOPLIST_FILE = iOS/Info.plist;
				IPHONEOS_DEPLOYMENT_TARGET = 14.0;
				LD_RUNPATH_SEARCH_PATHS = (
					"$(inherited)",
					"@executable_path/Frameworks",
				);
				PRODUCT_BUNDLE_IDENTIFIER = "com.babamoneybook.SwiftUI-CardGraph";
				PRODUCT_NAME = "SwiftUI-CardGraph";
				SDKROOT = iphoneos;
				SWIFT_VERSION = 5.0;
				TARGETED_DEVICE_FAMILY = "1,2";
			};
			name = Debug;
		};
		758BE42C25497965005D9D0D /* Release */ = {
			isa = XCBuildConfiguration;
			buildSettings = {
				ASSETCATALOG_COMPILER_APPICON_NAME = AppIcon;
				ASSETCATALOG_COMPILER_GLOBAL_ACCENT_COLOR_NAME = AccentColor;
				CODE_SIGN_STYLE = Automatic;
				DEVELOPMENT_TEAM = 8JZVD3Y56B;
				ENABLE_PREVIEWS = YES;
				INFOPLIST_FILE = iOS/Info.plist;
				IPHONEOS_DEPLOYMENT_TARGET = 14.0;
				LD_RUNPATH_SEARCH_PATHS = (
					"$(inherited)",
					"@executable_path/Frameworks",
				);
				PRODUCT_BUNDLE_IDENTIFIER = "com.babamoneybook.SwiftUI-CardGraph";
				PRODUCT_NAME = "SwiftUI-CardGraph";
				SDKROOT = iphoneos;
				SWIFT_VERSION = 5.0;
				TARGETED_DEVICE_FAMILY = "1,2";
				VALIDATE_PRODUCT = YES;
			};
			name = Release;
		};
		758BE42E25497965005D9D0D /* Debug */ = {
			isa = XCBuildConfiguration;
			buildSettings = {
				ASSETCATALOG_COMPILER_APPICON_NAME = AppIcon;
				ASSETCATALOG_COMPILER_GLOBAL_ACCENT_COLOR_NAME = AccentColor;
				CODE_SIGN_ENTITLEMENTS = macOS/macOS.entitlements;
				CODE_SIGN_STYLE = Automatic;
				COMBINE_HIDPI_IMAGES = YES;
				DEVELOPMENT_TEAM = 8JZVD3Y56B;
				ENABLE_HARDENED_RUNTIME = YES;
				ENABLE_PREVIEWS = YES;
				INFOPLIST_FILE = macOS/Info.plist;
				LD_RUNPATH_SEARCH_PATHS = (
					"$(inherited)",
					"@executable_path/../Frameworks",
				);
				MACOSX_DEPLOYMENT_TARGET = 11.0;
				PRODUCT_BUNDLE_IDENTIFIER = "com.babamoneybook.SwiftUI-CardGraph";
				PRODUCT_NAME = "SwiftUI-CardGraph";
				SDKROOT = macosx;
				SWIFT_VERSION = 5.0;
			};
			name = Debug;
		};
		758BE42F25497965005D9D0D /* Release */ = {
			isa = XCBuildConfiguration;
			buildSettings = {
				ASSETCATALOG_COMPILER_APPICON_NAME = AppIcon;
				ASSETCATALOG_COMPILER_GLOBAL_ACCENT_COLOR_NAME = AccentColor;
				CODE_SIGN_ENTITLEMENTS = macOS/macOS.entitlements;
				CODE_SIGN_STYLE = Automatic;
				COMBINE_HIDPI_IMAGES = YES;
				DEVELOPMENT_TEAM = 8JZVD3Y56B;
				ENABLE_HARDENED_RUNTIME = YES;
				ENABLE_PREVIEWS = YES;
				INFOPLIST_FILE = macOS/Info.plist;
				LD_RUNPATH_SEARCH_PATHS = (
					"$(inherited)",
					"@executable_path/../Frameworks",
				);
				MACOSX_DEPLOYMENT_TARGET = 11.0;
				PRODUCT_BUNDLE_IDENTIFIER = "com.babamoneybook.SwiftUI-CardGraph";
				PRODUCT_NAME = "SwiftUI-CardGraph";
				SDKROOT = macosx;
				SWIFT_VERSION = 5.0;
			};
			name = Release;
		};
/* End XCBuildConfiguration section */

/* Begin XCConfigurationList section */
		758BE40D25497963005D9D0D /* Build configuration list for PBXProject "SwiftUI-CardGraph" */ = {
			isa = XCConfigurationList;
			buildConfigurations = (
				758BE42825497965005D9D0D /* Debug */,
				758BE42925497965005D9D0D /* Release */,
			);
			defaultConfigurationIsVisible = 0;
			defaultConfigurationName = Release;
		};
		758BE42A25497965005D9D0D /* Build configuration list for PBXNativeTarget "SwiftUI-CardGraph (iOS)" */ = {
			isa = XCConfigurationList;
			buildConfigurations = (
				758BE42B25497965005D9D0D /* Debug */,
				758BE42C25497965005D9D0D /* Release */,
			);
			defaultConfigurationIsVisible = 0;
			defaultConfigurationName = Release;
		};
		758BE42D25497965005D9D0D /* Build configuration list for PBXNativeTarget "SwiftUI-CardGraph (macOS)" */ = {
			isa = XCConfigurationList;
			buildConfigurations = (
				758BE42E25497965005D9D0D /* Debug */,
				758BE42F25497965005D9D0D /* Release */,
			);
			defaultConfigurationIsVisible = 0;
			defaultConfigurationName = Release;
		};
/* End XCConfigurationList section */
	};
	rootObject = 758BE40A25497963005D9D0D /* Project object */;
}
